{
  "name": "isomorphic",
  "version": "7.1.2",
  "lockfileVersion": 1,
  "requires": true,
  "dependencies": {
    "turbo": {
      "version": "2.0.14",
      "resolved": "https://registry.npmjs.org/turbo/-/turbo-2.0.14.tgz",
      "integrity": "sha512-00JjdCMD/cpsjP0Izkjcm8Oaor5yUCfDwODtaLb+WyblyadkaDEisGhy3Dbd5az9n+5iLSPiUgf+WjPbns6MRg==",
      "dev": true,
      "requires": {
        "turbo-darwin-64": "2.0.14",
        "turbo-darwin-arm64": "2.0.14",
        "turbo-linux-64": "2.0.14",
        "turbo-linux-arm64": "2.0.14",
        "turbo-windows-64": "2.0.14",
        "turbo-windows-arm64": "2.0.14"
      }
    },
    "turbo-darwin-64": {
      "version": "2.0.14",
      "resolved": "https://registry.npmjs.org/turbo-darwin-64/-/turbo-darwin-64-2.0.14.tgz",
      "integrity": "sha512-kwfDmjNwlNfvtrvT29+ZBg5n1Wvxl891bFHchMJyzMoR0HOE9N1NSNdSZb9wG3e7sYNIu4uDkNk+VBEqJW0HzQ==",
      "dev": true,
      "optional": true
    },
    "turbo-darwin-arm64": {
      "version": "2.0.14",
      "resolved": "https://registry.npmjs.org/turbo-darwin-arm64/-/turbo-darwin-arm64-2.0.14.tgz",
      "integrity": "sha512-m3LXYEshCx3wc4ZClM6gb01KYpFmtjQ9IBF3A7ofjb6ahux3xlYZJZ3uFCLAGHuvGLuJ3htfiPbwlDPTdknqqw==",
      "dev": true,
      "optional": true
    },
    "turbo-linux-64": {
      "version": "2.0.14",
      "resolved": "https://registry.npmjs.org/turbo-linux-64/-/turbo-linux-64-2.0.14.tgz",
      "integrity": "sha512-7vBzCPdoTtR92SNn2JMgj1FlMmyonGmpMaQdgAB1OVYtuQ6NVGoh7/lODfaILqXjpvmFSVbpBIDrKOT6EvcprQ==",
      "dev": true,
      "optional": true
    },
    "turbo-linux-arm64": {
      "version": "2.0.14",
      "resolved": "https://registry.npmjs.org/turbo-linux-arm64/-/turbo-linux-arm64-2.0.14.tgz",
      "integrity": "sha512-jwH+c0bfjpBf26K/tdEFatmnYyXwGROjbr6bZmNcL8R+IkGAc/cglL+OToqJnQZTgZvH7uDGbeSyUo7IsHyjuA==",
      "dev": true,
      "optional": true
    },
    "turbo-windows-64": {
      "version": "2.0.14",
      "resolved": "https://registry.npmjs.org/turbo-windows-64/-/turbo-windows-64-2.0.14.tgz",
      "integrity": "sha512-w9/XwkHSzvLjmioo6cl3S1yRfI6swxsV1j1eJwtl66JM4/pn0H2rBa855R0n7hZnmI6H5ywLt/nLt6Ae8RTDmw==",
      "dev": true,
      "optional": true
    },
    "turbo-windows-arm64": {
      "version": "2.0.14",
      "resolved": "https://registry.npmjs.org/turbo-windows-arm64/-/turbo-windows-arm64-2.0.14.tgz",
      "integrity": "sha512-XaQlyYk+Rf4xS5XWCo8XCMIpssgGGy8blzLfolN6YBp4baElIWMlkLZHDbGyiFmCbNf9I9gJI64XGRG+LVyyjA==",
      "dev": true,
      "optional": true
    },
    "@next/swc-darwin-arm64": {
      "version": "14.2.5",
      "resolved": "https://registry.npmjs.org/@next/swc-darwin-arm64/-/swc-darwin-arm64-14.2.5.tgz",
      "integrity": "sha512-/9zVxJ+K9lrzSGli1///ujyRfon/ZneeZ+v4ptpiPoOU+GKZnm8Wj8ELWU1Pm7GHltYRBklmXMTUqM/DqQ99FQ==",
      "optional": true
    },
    "@next/swc-darwin-x64": {
      "version": "14.2.5",
      "resolved": "https://registry.npmjs.org/@next/swc-darwin-x64/-/swc-darwin-x64-14.2.5.tgz",
      "integrity": "sha512-vXHOPCwfDe9qLDuq7U1OYM2wUY+KQ4Ex6ozwsKxp26BlJ6XXbHleOUldenM67JRyBfVjv371oneEvYd3H2gNSA==",
      "optional": true
    },
    "@next/swc-linux-arm64-gnu": {
      "version": "14.2.5",
      "resolved": "https://registry.npmjs.org/@next/swc-linux-arm64-gnu/-/swc-linux-arm64-gnu-14.2.5.tgz",
      "integrity": "sha512-vlhB8wI+lj8q1ExFW8lbWutA4M2ZazQNvMWuEDqZcuJJc78iUnLdPPunBPX8rC4IgT6lIx/adB+Cwrl99MzNaA==",
      "optional": true
    },
    "@next/swc-linux-arm64-musl": {
      "version": "14.2.5",
      "resolved": "https://registry.npmjs.org/@next/swc-linux-arm64-musl/-/swc-linux-arm64-musl-14.2.5.tgz",
      "integrity": "sha512-NpDB9NUR2t0hXzJJwQSGu1IAOYybsfeB+LxpGsXrRIb7QOrYmidJz3shzY8cM6+rO4Aojuef0N/PEaX18pi9OA==",
      "optional": true
    },
    "@next/swc-linux-x64-gnu": {
      "version": "14.2.5",
      "resolved": "https://registry.npmjs.org/@next/swc-linux-x64-gnu/-/swc-linux-x64-gnu-14.2.5.tgz",
      "integrity": "sha512-8XFikMSxWleYNryWIjiCX+gU201YS+erTUidKdyOVYi5qUQo/gRxv/3N1oZFCgqpesN6FPeqGM72Zve+nReVXQ==",
      "optional": true
    },
    "@next/swc-linux-x64-musl": {
      "version": "14.2.5",
      "resolved": "https://registry.npmjs.org/@next/swc-linux-x64-musl/-/swc-linux-x64-musl-14.2.5.tgz",
      "integrity": "sha512-6QLwi7RaYiQDcRDSU/os40r5o06b5ue7Jsk5JgdRBGGp8l37RZEh9JsLSM8QF0YDsgcosSeHjglgqi25+m04IQ==",
      "optional": true
    },
    "@next/swc-win32-arm64-msvc": {
      "version": "14.2.5",
      "resolved": "https://registry.npmjs.org/@next/swc-win32-arm64-msvc/-/swc-win32-arm64-msvc-14.2.5.tgz",
      "integrity": "sha512-1GpG2VhbspO+aYoMOQPQiqc/tG3LzmsdBH0LhnDS3JrtDx2QmzXe0B6mSZZiN3Bq7IOMXxv1nlsjzoS1+9mzZw==",
      "optional": true
    },
    "@next/swc-win32-ia32-msvc": {
      "version": "14.2.5",
      "resolved": "https://registry.npmjs.org/@next/swc-win32-ia32-msvc/-/swc-win32-ia32-msvc-14.2.5.tgz",
      "integrity": "sha512-Igh9ZlxwvCDsu6438FXlQTHlRno4gFpJzqPjSIBZooD22tKeI4fE/YMRoHVJHmrQ2P5YL1DoZ0qaOKkbeFWeMg==",
      "optional": true
    },
    "@next/swc-win32-x64-msvc": {
      "version": "14.2.5",
      "resolved": "https://registry.npmjs.org/@next/swc-win32-x64-msvc/-/swc-win32-x64-msvc-14.2.5.tgz",
      "integrity": "sha512-tEQ7oinq1/CjSG9uSTerca3v4AZ+dFa+4Yu6ihaG8Ud8ddqLQgFGcnwYls13H5X5CPDPZJdYxyeMui6muOLd4g==",
      "optional": true
    }
  }
}
